
Microsoft Visual Studio Solution File, Format Version 12.00
# Visual Studio Version 17
VisualStudioVersion = 17.4.33213.308
MinimumVisualStudioVersion = 10.0.40219.1
Project("{9A19103F-16F7-4668-BE54-9A1E7A4F7556}") = "ZAMWPFHomeBudget", "ZAMWPFHomeBudget\ZAMWPFHomeBudget.csproj", "{E1CE29CC-5266-4628-BDC3-3C6F69E2383F}"
EndProject
Project("{FAE04EC0-301F-11D3-BF4B-00C04F79EFBC}") = "ZAMWPFHomeBudgetTests", "ZAMWPFHomeBudgetTests\ZAMWPFHomeBudgetTests.csproj", "{7280F79F-D044-41F3-86AD-2D349E564F9C}"
EndProject
Global
	GlobalSection(SolutionConfigurationPlatforms) = preSolution
		Debug|Any CPU = Debug|Any CPU
		Release|Any CPU = Release|Any CPU
	EndGlobalSection
	GlobalSection(ProjectConfigurationPlatforms) = postSolution
		{E1CE29CC-5266-4628-BDC3-3C6F69E2383F}.Debug|Any CPU.ActiveCfg = Debug|Any CPU
		{E1CE29CC-5266-4628-BDC3-3C6F69E2383F}.Debug|Any CPU.Build.0 = Debug|Any CPU
		{E1CE29CC-5266-4628-BDC3-3C6F69E2383F}.Release|Any CPU.ActiveCfg = Release|Any CPU
		{E1CE29CC-5266-4628-BDC3-3C6F69E2383F}.Release|Any CPU.Build.0 = Release|Any CPU
		{7280F79F-D044-41F3-86AD-2D349E564F9C}.Debug|Any CPU.ActiveCfg = Debug|Any CPU
		{7280F79F-D044-41F3-86AD-2D349E564F9C}.Debug|Any CPU.Build.0 = Debug|Any CPU
		{7280F79F-D044-41F3-86AD-2D349E564F9C}.Release|Any CPU.ActiveCfg = Release|Any CPU
		{7280F79F-D044-41F3-86AD-2D349E564F9C}.Release|Any CPU.Build.0 = Release|Any CPU
	EndGlobalSection
	GlobalSection(SolutionProperties) = preSolution
		HideSolutionNode = FALSE
	EndGlobalSection
	GlobalSection(ExtensibilityGlobals) = postSolution
		SolutionGuid = {A039493C-7ADD-40C9-BF88-1B975E408209}
	EndGlobalSection
EndGlobal
